// !$*UTF8*$!
{
	archiveVersion = 1;
	classes = {
	};
	objectVersion = 46;
	objects = {

/* Begin PBXBuildFile section */
		00C302E51ABCBA2D00DB3ED1 /* libRCTActionSheet.a in Frameworks */ = {isa = PBXBuildFile; fileRef = 00C302AC1ABCB8CE00DB3ED1 /* libRCTActionSheet.a */; };
		00C302E71ABCBA2D00DB3ED1 /* libRCTGeolocation.a in Frameworks */ = {isa = PBXBuildFile; fileRef = 00C302BA1ABCB90400DB3ED1 /* libRCTGeolocation.a */; };
		00C302E81ABCBA2D00DB3ED1 /* libRCTImage.a in Frameworks */ = {isa = PBXBuildFile; fileRef = 00C302C01ABCB91800DB3ED1 /* libRCTImage.a */; };
		00C302E91ABCBA2D00DB3ED1 /* libRCTNetwork.a in Frameworks */ = {isa = PBXBuildFile; fileRef = 00C302DC1ABCB9D200DB3ED1 /* libRCTNetwork.a */; };
		00C302EA1ABCBA2D00DB3ED1 /* libRCTVibration.a in Frameworks */ = {isa = PBXBuildFile; fileRef = 00C302E41ABCB9EE00DB3ED1 /* libRCTVibration.a */; };
		00E356F31AD99517003FC87E /* VentureAppTests.m in Sources */ = {isa = PBXBuildFile; fileRef = 00E356F21AD99517003FC87E /* VentureAppTests.m */; };
		133E29F31AD74F7200F7D852 /* libRCTLinking.a in Frameworks */ = {isa = PBXBuildFile; fileRef = 78C398B91ACF4ADC00677621 /* libRCTLinking.a */; };
		139105C61AF99C1200B5F7CC /* libRCTSettings.a in Frameworks */ = {isa = PBXBuildFile; fileRef = 139105C11AF99BAD00B5F7CC /* libRCTSettings.a */; };
		139FDEF61B0652A700C62182 /* libRCTWebSocket.a in Frameworks */ = {isa = PBXBuildFile; fileRef = 139FDEF41B06529B00C62182 /* libRCTWebSocket.a */; };
		13B07FBC1A68108700A75B9A /* AppDelegate.m in Sources */ = {isa = PBXBuildFile; fileRef = 13B07FB01A68108700A75B9A /* AppDelegate.m */; };
		13B07FBD1A68108700A75B9A /* LaunchScreen.xib in Resources */ = {isa = PBXBuildFile; fileRef = 13B07FB11A68108700A75B9A /* LaunchScreen.xib */; };
		13B07FBF1A68108700A75B9A /* Images.xcassets in Resources */ = {isa = PBXBuildFile; fileRef = 13B07FB51A68108700A75B9A /* Images.xcassets */; };
		13B07FC11A68108700A75B9A /* main.m in Sources */ = {isa = PBXBuildFile; fileRef = 13B07FB71A68108700A75B9A /* main.m */; };
		146834051AC3E58100842450 /* libReact.a in Frameworks */ = {isa = PBXBuildFile; fileRef = 146834041AC3E56700842450 /* libReact.a */; };
		18D35FAFDA23441996AE8329 /* libRCTActionSheet.a in Frameworks */ = {isa = PBXBuildFile; fileRef = EB1E2A010EFD4C53B40F45FF /* libRCTActionSheet.a */; };
		2F77B5E7F9104EBABB0A700C /* libRCTFBSDKShare.a in Frameworks */ = {isa = PBXBuildFile; fileRef = A057B11D16474CFDA2DC4F1D /* libRCTFBSDKShare.a */; };
		421118201C9B791D006826B1 /* Bolts.framework in Frameworks */ = {isa = PBXBuildFile; fileRef = 4211181F1C9B791D006826B1 /* Bolts.framework */; };
		421118241C9B8B6D006826B1 /* FBSDKCoreKit.framework in Frameworks */ = {isa = PBXBuildFile; fileRef = 421118211C9B8B6D006826B1 /* FBSDKCoreKit.framework */; };
		421118251C9B8B6D006826B1 /* FBSDKLoginKit.framework in Frameworks */ = {isa = PBXBuildFile; fileRef = 421118221C9B8B6D006826B1 /* FBSDKLoginKit.framework */; };
		421118261C9B8B6D006826B1 /* FBSDKShareKit.framework in Frameworks */ = {isa = PBXBuildFile; fileRef = 421118231C9B8B6D006826B1 /* FBSDKShareKit.framework */; };
		421BEB081C71B9E90058D624 /* libRCTPushNotification.a in Frameworks */ = {isa = PBXBuildFile; fileRef = 421BEB001C71B9D20058D624 /* libRCTPushNotification.a */; };
		421BEB171C7268AD0058D624 /* libsqlite3.dylib in Frameworks */ = {isa = PBXBuildFile; fileRef = 421BEB151C7268AD0058D624 /* libsqlite3.dylib */; };
		421BEB181C7268AD0058D624 /* libz.1.dylib in Frameworks */ = {isa = PBXBuildFile; fileRef = 421BEB161C7268AD0058D624 /* libz.1.dylib */; };
		42646CF21C7BA129004FB7F8 /* libc++.1.dylib in Frameworks */ = {isa = PBXBuildFile; fileRef = 42646CF01C7BA129004FB7F8 /* libc++.1.dylib */; };
		42646CF31C7BA129004FB7F8 /* libicucore.A.dylib in Frameworks */ = {isa = PBXBuildFile; fileRef = 42646CF11C7BA129004FB7F8 /* libicucore.A.dylib */; };
		42646CF51C7BA167004FB7F8 /* CFNetwork.framework in Frameworks */ = {isa = PBXBuildFile; fileRef = 42646CF41C7BA166004FB7F8 /* CFNetwork.framework */; };
		42646CF71C7BA16E004FB7F8 /* Security.framework in Frameworks */ = {isa = PBXBuildFile; fileRef = 42646CF61C7BA16E004FB7F8 /* Security.framework */; };
		4290ECA01CB259BF00A7C749 /* Default-568h@2x.png in Resources */ = {isa = PBXBuildFile; fileRef = 4290EC9F1CB259BF00A7C749 /* Default-568h@2x.png */; };
		42E5EE8F1C7124CC009C7A35 /* libReactNativeIcons.a in Frameworks */ = {isa = PBXBuildFile; fileRef = 42E5EE8E1C7124A6009C7A35 /* libReactNativeIcons.a */; };
		42E5EE931C712D71009C7A35 /* ionicons.ttf in Resources */ = {isa = PBXBuildFile; fileRef = 42E5EE921C712D71009C7A35 /* ionicons.ttf */; };
		42E728D01C69BB7400FF970D /* libAppHub.a in Frameworks */ = {isa = PBXBuildFile; fileRef = 42E728CD1C69BB0A00FF970D /* libAppHub.a */; };
		42E728D21C69BB8000FF970D /* SystemConfiguration.framework in Frameworks */ = {isa = PBXBuildFile; fileRef = 42E728D11C69BB8000FF970D /* SystemConfiguration.framework */; };
		42E728D41C69BB8F00FF970D /* libz.tbd in Frameworks */ = {isa = PBXBuildFile; fileRef = 42E728D31C69BB8F00FF970D /* libz.tbd */; };
		42E728DB1C69BDB700FF970D /* libRCTAutoComplete.a in Frameworks */ = {isa = PBXBuildFile; fileRef = 42E728DA1C69BDA700FF970D /* libRCTAutoComplete.a */; };
		42E728E21C69BE4200FF970D /* libRCTFBLogin.a in Frameworks */ = {isa = PBXBuildFile; fileRef = 42E728E11C69BE3300FF970D /* libRCTFBLogin.a */; };
		42E728F71C69C52B00FF970D /* libRNVectorIcons.a in Frameworks */ = {isa = PBXBuildFile; fileRef = 42E728F61C69C51D00FF970D /* libRNVectorIcons.a */; };
		42E728FE1C69C63900FF970D /* libBVLinearGradient.a in Frameworks */ = {isa = PBXBuildFile; fileRef = 42E728FD1C69C62900FF970D /* libBVLinearGradient.a */; };
		42E729021C69C71800FF970D /* Orientation.m in Sources */ = {isa = PBXBuildFile; fileRef = 42E729011C69C71800FF970D /* Orientation.m */; };
		42EE2F8F1C97FCDD001A2541 /* GoogleSignIn.bundle in Resources */ = {isa = PBXBuildFile; fileRef = 42EE2F8A1C97FCDC001A2541 /* GoogleSignIn.bundle */; };
		42EE2F901C97FCDD001A2541 /* GoogleSignIn.framework in Frameworks */ = {isa = PBXBuildFile; fileRef = 42EE2F8B1C97FCDC001A2541 /* GoogleSignIn.framework */; };
		42EE2F911C97FCDD001A2541 /* RNGoogleSignin.m in Sources */ = {isa = PBXBuildFile; fileRef = 42EE2F8D1C97FCDC001A2541 /* RNGoogleSignin.m */; };
		42EE2F921C97FCDD001A2541 /* RNGoogleSigninButtonManager.m in Sources */ = {isa = PBXBuildFile; fileRef = 42EE2F8E1C97FCDC001A2541 /* RNGoogleSigninButtonManager.m */; };
		42EE2FA81C97FCFF001A2541 /* AddressBook.framework in Frameworks */ = {isa = PBXBuildFile; fileRef = 42EE2FA71C97FCFF001A2541 /* AddressBook.framework */; };
		42F160181C8DF35E006F965E /* libRNImagePicker.a in Frameworks */ = {isa = PBXBuildFile; fileRef = 42F160171C8DF34C006F965E /* libRNImagePicker.a */; };
		42F309A21C9E9536006F0926 /* StoreKit.framework in Frameworks */ = {isa = PBXBuildFile; fileRef = 42F309A11C9E9536006F0926 /* StoreKit.framework */; };
		795DFD39A1FE4C059B3F17F6 /* libRCTDeviceUUID.a in Frameworks */ = {isa = PBXBuildFile; fileRef = 7294E287AAD2430EBB1C22C5 /* libRCTDeviceUUID.a */; };
		832341BD1AAA6AB300B99B32 /* libRCTText.a in Frameworks */ = {isa = PBXBuildFile; fileRef = 832341B51AAA6A8300B99B32 /* libRCTText.a */; };
		DCF5F13905BF42FB84BD8BC2 /* libRCTFBSDKCore.a in Frameworks */ = {isa = PBXBuildFile; fileRef = D6DD2FCC86424DE8812DBBB9 /* libRCTFBSDKCore.a */; };
/* End PBXBuildFile section */

/* Begin PBXContainerItemProxy section */
		00C302AB1ABCB8CE00DB3ED1 /* PBXContainerItemProxy */ = {
			isa = PBXContainerItemProxy;
			containerPortal = 00C302A71ABCB8CE00DB3ED1 /* RCTActionSheet.xcodeproj */;
			proxyType = 2;
			remoteGlobalIDString = 134814201AA4EA6300B7C361;
			remoteInfo = RCTActionSheet;
		};
		00C302B91ABCB90400DB3ED1 /* PBXContainerItemProxy */ = {
			isa = PBXContainerItemProxy;
			containerPortal = 00C302B51ABCB90400DB3ED1 /* RCTGeolocation.xcodeproj */;
			proxyType = 2;
			remoteGlobalIDString = 134814201AA4EA6300B7C361;
			remoteInfo = RCTGeolocation;
		};
		00C302BF1ABCB91800DB3ED1 /* PBXContainerItemProxy */ = {
			isa = PBXContainerItemProxy;
			containerPortal = 00C302BB1ABCB91800DB3ED1 /* RCTImage.xcodeproj */;
			proxyType = 2;
			remoteGlobalIDString = 58B5115D1A9E6B3D00147676;
			remoteInfo = RCTImage;
		};
		00C302DB1ABCB9D200DB3ED1 /* PBXContainerItemProxy */ = {
			isa = PBXContainerItemProxy;
			containerPortal = 00C302D31ABCB9D200DB3ED1 /* RCTNetwork.xcodeproj */;
			proxyType = 2;
			remoteGlobalIDString = 58B511DB1A9E6C8500147676;
			remoteInfo = RCTNetwork;
		};
		00C302E31ABCB9EE00DB3ED1 /* PBXContainerItemProxy */ = {
			isa = PBXContainerItemProxy;
			containerPortal = 00C302DF1ABCB9EE00DB3ED1 /* RCTVibration.xcodeproj */;
			proxyType = 2;
			remoteGlobalIDString = 832C81801AAF6DEF007FA2F7;
			remoteInfo = RCTVibration;
		};
		00E356F41AD99517003FC87E /* PBXContainerItemProxy */ = {
			isa = PBXContainerItemProxy;
			containerPortal = 83CBB9F71A601CBA00E9B192 /* Project object */;
			proxyType = 1;
			remoteGlobalIDString = 13B07F861A680F5B00A75B9A;
			remoteInfo = VentureApp;
		};
		139105C01AF99BAD00B5F7CC /* PBXContainerItemProxy */ = {
			isa = PBXContainerItemProxy;
			containerPortal = 139105B61AF99BAD00B5F7CC /* RCTSettings.xcodeproj */;
			proxyType = 2;
			remoteGlobalIDString = 134814201AA4EA6300B7C361;
			remoteInfo = RCTSettings;
		};
		139FDEF31B06529B00C62182 /* PBXContainerItemProxy */ = {
			isa = PBXContainerItemProxy;
			containerPortal = 139FDEE61B06529A00C62182 /* RCTWebSocket.xcodeproj */;
			proxyType = 2;
			remoteGlobalIDString = 3C86DF461ADF2C930047B81A;
			remoteInfo = RCTWebSocket;
		};
		146834031AC3E56700842450 /* PBXContainerItemProxy */ = {
			isa = PBXContainerItemProxy;
			containerPortal = 146833FF1AC3E56700842450 /* React.xcodeproj */;
			proxyType = 2;
			remoteGlobalIDString = 83CBBA2E1A601D0E00E9B192;
			remoteInfo = React;
		};
		4211180B1C9B785A006826B1 /* PBXContainerItemProxy */ = {
			isa = PBXContainerItemProxy;
			containerPortal = 266C8FB737A24730A6B6830E /* RCTFBSDKCore.xcodeproj */;
			proxyType = 2;
			remoteGlobalIDString = 134814201AA4EA6300B7C361;
			remoteInfo = RCTFBSDKCore;
		};
		4211181D1C9B785A006826B1 /* PBXContainerItemProxy */ = {
			isa = PBXContainerItemProxy;
			containerPortal = 167CD755F9D64E7BA9B1E52D /* RCTFBSDKShare.xcodeproj */;
			proxyType = 2;
			remoteGlobalIDString = 134814201AA4EA6300B7C361;
			remoteInfo = RCTFBSDKShare;
		};
		421BEAFF1C71B9D20058D624 /* PBXContainerItemProxy */ = {
			isa = PBXContainerItemProxy;
			containerPortal = 421BEAF01C71B9D20058D624 /* RCTPushNotification.xcodeproj */;
			proxyType = 2;
			remoteGlobalIDString = 134814201AA4EA6300B7C361;
			remoteInfo = RCTPushNotification;
		};
		426057FD1CB9EB9B00770BBF /* PBXContainerItemProxy */ = {
			isa = PBXContainerItemProxy;
			containerPortal = 8A1678A1D5BB44D594ECC2BA /* reactnativeswipeout.xcodeproj */;
			proxyType = 2;
			remoteGlobalIDString = 13B07F961A680F5B00A75B9A;
			remoteInfo = reactnativeswipeout;
		};
		426057FF1CB9EB9B00770BBF /* PBXContainerItemProxy */ = {
			isa = PBXContainerItemProxy;
			containerPortal = 8A1678A1D5BB44D594ECC2BA /* reactnativeswipeout.xcodeproj */;
			proxyType = 2;
			remoteGlobalIDString = 00E356EE1AD99517003FC87E;
			remoteInfo = reactnativeswipeoutTests;
		};
		42D555A81CA8705E00530EFE /* PBXContainerItemProxy */ = {
			isa = PBXContainerItemProxy;
			containerPortal = 5082D4630F154828A0EFBD85 /* RCTDeviceUUID.xcodeproj */;
			proxyType = 2;
			remoteGlobalIDString = F12AFB9B1ADAF8F800E0535D;
			remoteInfo = RCTDeviceUUID;
		};
		42E5EE8D1C7124A6009C7A35 /* PBXContainerItemProxy */ = {
			isa = PBXContainerItemProxy;
			containerPortal = 42E5EE891C7124A6009C7A35 /* ReactNativeIcons.xcodeproj */;
			proxyType = 2;
			remoteGlobalIDString = 2F5A3EB81ACDBF8000439386;
			remoteInfo = ReactNativeIcons;
		};
		42E728CC1C69BB0A00FF970D /* PBXContainerItemProxy */ = {
			isa = PBXContainerItemProxy;
			containerPortal = 42E728C51C69BB0A00FF970D /* AppHub.xcodeproj */;
			proxyType = 2;
			remoteGlobalIDString = 555FF3AF1B37AC8D0064F175;
			remoteInfo = AppHub;
		};
		42E728CE1C69BB0A00FF970D /* PBXContainerItemProxy */ = {
			isa = PBXContainerItemProxy;
			containerPortal = 42E728C51C69BB0A00FF970D /* AppHub.xcodeproj */;
			proxyType = 2;
			remoteGlobalIDString = 555FF3BA1B37AC8D0064F175;
			remoteInfo = AppHubTests;
		};
		42E728D91C69BDA700FF970D /* PBXContainerItemProxy */ = {
			isa = PBXContainerItemProxy;
			containerPortal = 42E728D51C69BDA700FF970D /* RCTAutoComplete.xcodeproj */;
			proxyType = 2;
			remoteGlobalIDString = 134814201AA4EA6300B7C361;
			remoteInfo = RCTAutoComplete;
		};
		42E728E01C69BE3300FF970D /* PBXContainerItemProxy */ = {
			isa = PBXContainerItemProxy;
			containerPortal = 42E728DC1C69BE3300FF970D /* RCTFBLogin.xcodeproj */;
			proxyType = 2;
			remoteGlobalIDString = 4F3A6B5B1ACFBCC500CA65F7;
			remoteInfo = RCTFBLogin;
		};
		42E728F51C69C51D00FF970D /* PBXContainerItemProxy */ = {
			isa = PBXContainerItemProxy;
			containerPortal = 42E728F11C69C51D00FF970D /* RNVectorIcons.xcodeproj */;
			proxyType = 2;
			remoteGlobalIDString = 5DBEB1501B18CEA900B34395;
			remoteInfo = RNVectorIcons;
		};
		42E728FC1C69C62900FF970D /* PBXContainerItemProxy */ = {
			isa = PBXContainerItemProxy;
			containerPortal = 42E728F81C69C62900FF970D /* BVLinearGradient.xcodeproj */;
			proxyType = 2;
			remoteGlobalIDString = 134814201AA4EA6300B7C361;
			remoteInfo = BVLinearGradient;
		};
		42F160161C8DF34C006F965E /* PBXContainerItemProxy */ = {
			isa = PBXContainerItemProxy;
			containerPortal = 42F160121C8DF34C006F965E /* RNImagePicker.xcodeproj */;
			proxyType = 2;
			remoteGlobalIDString = 014A3B5C1C6CF33500B6D375;
			remoteInfo = RNImagePicker;
		};
		78C398B81ACF4ADC00677621 /* PBXContainerItemProxy */ = {
			isa = PBXContainerItemProxy;
			containerPortal = 78C398B01ACF4ADC00677621 /* RCTLinking.xcodeproj */;
			proxyType = 2;
			remoteGlobalIDString = 134814201AA4EA6300B7C361;
			remoteInfo = RCTLinking;
		};
		832341B41AAA6A8300B99B32 /* PBXContainerItemProxy */ = {
			isa = PBXContainerItemProxy;
			containerPortal = 832341B01AAA6A8300B99B32 /* RCTText.xcodeproj */;
			proxyType = 2;
			remoteGlobalIDString = 58B5119B1A9E6C1200147676;
			remoteInfo = RCTText;
		};
/* End PBXContainerItemProxy section */

/* Begin PBXFileReference section */
		008F07F21AC5B25A0029DE68 /* main.jsbundle */ = {isa = PBXFileReference; fileEncoding = 4; lastKnownFileType = text; path = main.jsbundle; sourceTree = "<group>"; };
		00C302A71ABCB8CE00DB3ED1 /* RCTActionSheet.xcodeproj */ = {isa = PBXFileReference; lastKnownFileType = "wrapper.pb-project"; name = RCTActionSheet.xcodeproj; path = "../node_modules/react-native/Libraries/ActionSheetIOS/RCTActionSheet.xcodeproj"; sourceTree = "<group>"; };
		00C302B51ABCB90400DB3ED1 /* RCTGeolocation.xcodeproj */ = {isa = PBXFileReference; lastKnownFileType = "wrapper.pb-project"; name = RCTGeolocation.xcodeproj; path = "../node_modules/react-native/Libraries/Geolocation/RCTGeolocation.xcodeproj"; sourceTree = "<group>"; };
		00C302BB1ABCB91800DB3ED1 /* RCTImage.xcodeproj */ = {isa = PBXFileReference; lastKnownFileType = "wrapper.pb-project"; name = RCTImage.xcodeproj; path = "../node_modules/react-native/Libraries/Image/RCTImage.xcodeproj"; sourceTree = "<group>"; };
		00C302D31ABCB9D200DB3ED1 /* RCTNetwork.xcodeproj */ = {isa = PBXFileReference; lastKnownFileType = "wrapper.pb-project"; name = RCTNetwork.xcodeproj; path = "../node_modules/react-native/Libraries/Network/RCTNetwork.xcodeproj"; sourceTree = "<group>"; };
		00C302DF1ABCB9EE00DB3ED1 /* RCTVibration.xcodeproj */ = {isa = PBXFileReference; lastKnownFileType = "wrapper.pb-project"; name = RCTVibration.xcodeproj; path = "../node_modules/react-native/Libraries/Vibration/RCTVibration.xcodeproj"; sourceTree = "<group>"; };
		00E356EE1AD99517003FC87E /* VentureAppTests.xctest */ = {isa = PBXFileReference; explicitFileType = wrapper.cfbundle; includeInIndex = 0; path = VentureAppTests.xctest; sourceTree = BUILT_PRODUCTS_DIR; };
		00E356F11AD99517003FC87E /* Info.plist */ = {isa = PBXFileReference; lastKnownFileType = text.plist.xml; path = Info.plist; sourceTree = "<group>"; };
		00E356F21AD99517003FC87E /* VentureAppTests.m */ = {isa = PBXFileReference; lastKnownFileType = sourcecode.c.objc; path = VentureAppTests.m; sourceTree = "<group>"; };
		0C98E6D7B70F482C8BCDE112 /* Octicons.ttf */ = {isa = PBXFileReference; explicitFileType = undefined; fileEncoding = 0; includeInIndex = 0; lastKnownFileType = unknown; name = Octicons.ttf; path = "../node_modules/react-native-vector-icons/Fonts/Octicons.ttf"; sourceTree = "<group>"; };
		139105B61AF99BAD00B5F7CC /* RCTSettings.xcodeproj */ = {isa = PBXFileReference; lastKnownFileType = "wrapper.pb-project"; name = RCTSettings.xcodeproj; path = "../node_modules/react-native/Libraries/Settings/RCTSettings.xcodeproj"; sourceTree = "<group>"; };
		139FDEE61B06529A00C62182 /* RCTWebSocket.xcodeproj */ = {isa = PBXFileReference; lastKnownFileType = "wrapper.pb-project"; name = RCTWebSocket.xcodeproj; path = "../node_modules/react-native/Libraries/WebSocket/RCTWebSocket.xcodeproj"; sourceTree = "<group>"; };
		13B07F961A680F5B00A75B9A /* VentureApp.app */ = {isa = PBXFileReference; explicitFileType = wrapper.application; includeInIndex = 0; path = VentureApp.app; sourceTree = BUILT_PRODUCTS_DIR; };
		13B07FAF1A68108700A75B9A /* AppDelegate.h */ = {isa = PBXFileReference; fileEncoding = 4; lastKnownFileType = sourcecode.c.h; name = AppDelegate.h; path = VentureApp/AppDelegate.h; sourceTree = "<group>"; };
		13B07FB01A68108700A75B9A /* AppDelegate.m */ = {isa = PBXFileReference; fileEncoding = 4; lastKnownFileType = sourcecode.c.objc; name = AppDelegate.m; path = VentureApp/AppDelegate.m; sourceTree = "<group>"; };
		13B07FB21A68108700A75B9A /* Base */ = {isa = PBXFileReference; lastKnownFileType = file.xib; name = Base; path = Base.lproj/LaunchScreen.xib; sourceTree = "<group>"; };
		13B07FB51A68108700A75B9A /* Images.xcassets */ = {isa = PBXFileReference; lastKnownFileType = folder.assetcatalog; name = Images.xcassets; path = VentureApp/Images.xcassets; sourceTree = "<group>"; };
		13B07FB61A68108700A75B9A /* Info.plist */ = {isa = PBXFileReference; fileEncoding = 4; lastKnownFileType = text.plist.xml; name = Info.plist; path = VentureApp/Info.plist; sourceTree = "<group>"; };
		13B07FB71A68108700A75B9A /* main.m */ = {isa = PBXFileReference; fileEncoding = 4; lastKnownFileType = sourcecode.c.objc; name = main.m; path = VentureApp/main.m; sourceTree = "<group>"; };
		146833FF1AC3E56700842450 /* React.xcodeproj */ = {isa = PBXFileReference; lastKnownFileType = "wrapper.pb-project"; name = React.xcodeproj; path = "../node_modules/react-native/React/React.xcodeproj"; sourceTree = "<group>"; };
		167CD755F9D64E7BA9B1E52D /* RCTFBSDKShare.xcodeproj */ = {isa = PBXFileReference; explicitFileType = undefined; fileEncoding = 0; includeInIndex = 0; lastKnownFileType = "wrapper.pb-project"; name = RCTFBSDKShare.xcodeproj; path = "../node_modules/react-native-fbsdkshare/RCTFBSDKShare.xcodeproj"; sourceTree = "<group>"; };
		25D148645A9F4E95854852C4 /* MaterialIcons.ttf */ = {isa = PBXFileReference; explicitFileType = undefined; fileEncoding = 0; includeInIndex = 0; lastKnownFileType = unknown; name = MaterialIcons.ttf; path = "../node_modules/react-native-vector-icons/Fonts/MaterialIcons.ttf"; sourceTree = "<group>"; };
		266C8FB737A24730A6B6830E /* RCTFBSDKCore.xcodeproj */ = {isa = PBXFileReference; explicitFileType = undefined; fileEncoding = 0; includeInIndex = 0; lastKnownFileType = "wrapper.pb-project"; name = RCTFBSDKCore.xcodeproj; path = "../node_modules/react-native-fbsdkcore/RCTFBSDKCore.xcodeproj"; sourceTree = "<group>"; };
		4211181F1C9B791D006826B1 /* Bolts.framework */ = {isa = PBXFileReference; lastKnownFileType = wrapper.framework; name = Bolts.framework; path = ../../../../Documents/FacebookSDK/Bolts.framework; sourceTree = "<group>"; };
		421118211C9B8B6D006826B1 /* FBSDKCoreKit.framework */ = {isa = PBXFileReference; lastKnownFileType = wrapper.framework; name = FBSDKCoreKit.framework; path = ../../../../Documents/FacebookSDK/FBSDKCoreKit.framework; sourceTree = "<group>"; };
		421118221C9B8B6D006826B1 /* FBSDKLoginKit.framework */ = {isa = PBXFileReference; lastKnownFileType = wrapper.framework; name = FBSDKLoginKit.framework; path = ../../../../Documents/FacebookSDK/FBSDKLoginKit.framework; sourceTree = "<group>"; };
		421118231C9B8B6D006826B1 /* FBSDKShareKit.framework */ = {isa = PBXFileReference; lastKnownFileType = wrapper.framework; name = FBSDKShareKit.framework; path = ../../../../Documents/FacebookSDK/FBSDKShareKit.framework; sourceTree = "<group>"; };
		421BEAF01C71B9D20058D624 /* RCTPushNotification.xcodeproj */ = {isa = PBXFileReference; lastKnownFileType = "wrapper.pb-project"; name = RCTPushNotification.xcodeproj; path = "../node_modules/react-native/Libraries/PushNotificationIOS/RCTPushNotification.xcodeproj"; sourceTree = "<group>"; };
		421BEB151C7268AD0058D624 /* libsqlite3.dylib */ = {isa = PBXFileReference; lastKnownFileType = "compiled.mach-o.dylib"; name = libsqlite3.dylib; path = ../../../../../../usr/lib/libsqlite3.dylib; sourceTree = "<group>"; };
		421BEB161C7268AD0058D624 /* libz.1.dylib */ = {isa = PBXFileReference; lastKnownFileType = "compiled.mach-o.dylib"; name = libz.1.dylib; path = ../../../../../../usr/lib/libz.1.dylib; sourceTree = "<group>"; };
		42646CF01C7BA129004FB7F8 /* libc++.1.dylib */ = {isa = PBXFileReference; lastKnownFileType = "compiled.mach-o.dylib"; name = "libc++.1.dylib"; path = "../../../../../../usr/lib/libc++.1.dylib"; sourceTree = "<group>"; };
		42646CF11C7BA129004FB7F8 /* libicucore.A.dylib */ = {isa = PBXFileReference; lastKnownFileType = "compiled.mach-o.dylib"; name = libicucore.A.dylib; path = ../../../../../../usr/lib/libicucore.A.dylib; sourceTree = "<group>"; };
		42646CF41C7BA166004FB7F8 /* CFNetwork.framework */ = {isa = PBXFileReference; lastKnownFileType = wrapper.framework; name = CFNetwork.framework; path = System/Library/Frameworks/CFNetwork.framework; sourceTree = SDKROOT; };
		42646CF61C7BA16E004FB7F8 /* Security.framework */ = {isa = PBXFileReference; lastKnownFileType = wrapper.framework; name = Security.framework; path = System/Library/Frameworks/Security.framework; sourceTree = SDKROOT; };
		4290EC9F1CB259BF00A7C749 /* Default-568h@2x.png */ = {isa = PBXFileReference; lastKnownFileType = image.png; path = "Default-568h@2x.png"; sourceTree = "<group>"; };
		42E5EE891C7124A6009C7A35 /* ReactNativeIcons.xcodeproj */ = {isa = PBXFileReference; lastKnownFileType = "wrapper.pb-project"; name = ReactNativeIcons.xcodeproj; path = "../node_modules/react-native-icons/ios/ReactNativeIcons.xcodeproj"; sourceTree = "<group>"; };
		42E5EE921C712D71009C7A35 /* ionicons.ttf */ = {isa = PBXFileReference; lastKnownFileType = file; path = ionicons.ttf; sourceTree = "<group>"; };
		42E728C51C69BB0A00FF970D /* AppHub.xcodeproj */ = {isa = PBXFileReference; lastKnownFileType = "wrapper.pb-project"; name = AppHub.xcodeproj; path = ../node_modules/apphub/AppHub/AppHub.xcodeproj; sourceTree = "<group>"; };
		42E728D11C69BB8000FF970D /* SystemConfiguration.framework */ = {isa = PBXFileReference; lastKnownFileType = wrapper.framework; name = SystemConfiguration.framework; path = System/Library/Frameworks/SystemConfiguration.framework; sourceTree = SDKROOT; };
		42E728D31C69BB8F00FF970D /* libz.tbd */ = {isa = PBXFileReference; lastKnownFileType = "sourcecode.text-based-dylib-definition"; name = libz.tbd; path = usr/lib/libz.tbd; sourceTree = SDKROOT; };
		42E728D51C69BDA700FF970D /* RCTAutoComplete.xcodeproj */ = {isa = PBXFileReference; lastKnownFileType = "wrapper.pb-project"; name = RCTAutoComplete.xcodeproj; path = "../node_modules/react-native-autocomplete/RCTAutoComplete.xcodeproj"; sourceTree = "<group>"; };
		42E728DC1C69BE3300FF970D /* RCTFBLogin.xcodeproj */ = {isa = PBXFileReference; lastKnownFileType = "wrapper.pb-project"; name = RCTFBLogin.xcodeproj; path = "../node_modules/react-native-facebook-login/RCTFBLogin.xcodeproj"; sourceTree = "<group>"; };
		42E728F11C69C51D00FF970D /* RNVectorIcons.xcodeproj */ = {isa = PBXFileReference; lastKnownFileType = "wrapper.pb-project"; name = RNVectorIcons.xcodeproj; path = "../node_modules/react-native-vector-icons/RNVectorIcons.xcodeproj"; sourceTree = "<group>"; };
		42E728F81C69C62900FF970D /* BVLinearGradient.xcodeproj */ = {isa = PBXFileReference; lastKnownFileType = "wrapper.pb-project"; name = BVLinearGradient.xcodeproj; path = "../node_modules/react-native-linear-gradient/BVLinearGradient.xcodeproj"; sourceTree = "<group>"; };
		42E729001C69C71800FF970D /* Orientation.h */ = {isa = PBXFileReference; fileEncoding = 4; lastKnownFileType = sourcecode.c.h; path = Orientation.h; sourceTree = "<group>"; };
		42E729011C69C71800FF970D /* Orientation.m */ = {isa = PBXFileReference; fileEncoding = 4; lastKnownFileType = sourcecode.c.objc; path = Orientation.m; sourceTree = "<group>"; };
		42EE2F8A1C97FCDC001A2541 /* GoogleSignIn.bundle */ = {isa = PBXFileReference; lastKnownFileType = "wrapper.plug-in"; path = GoogleSignIn.bundle; sourceTree = "<group>"; };
		42EE2F8B1C97FCDC001A2541 /* GoogleSignIn.framework */ = {isa = PBXFileReference; lastKnownFileType = wrapper.framework; path = GoogleSignIn.framework; sourceTree = "<group>"; };
		42EE2F8C1C97FCDC001A2541 /* RNGoogleSignin.h */ = {isa = PBXFileReference; fileEncoding = 4; lastKnownFileType = sourcecode.c.h; path = RNGoogleSignin.h; sourceTree = "<group>"; };
		42EE2F8D1C97FCDC001A2541 /* RNGoogleSignin.m */ = {isa = PBXFileReference; fileEncoding = 4; lastKnownFileType = sourcecode.c.objc; path = RNGoogleSignin.m; sourceTree = "<group>"; };
		42EE2F8E1C97FCDC001A2541 /* RNGoogleSigninButtonManager.m */ = {isa = PBXFileReference; fileEncoding = 4; lastKnownFileType = sourcecode.c.objc; path = RNGoogleSigninButtonManager.m; sourceTree = "<group>"; };
		42EE2FA71C97FCFF001A2541 /* AddressBook.framework */ = {isa = PBXFileReference; lastKnownFileType = wrapper.framework; name = AddressBook.framework; path = System/Library/Frameworks/AddressBook.framework; sourceTree = SDKROOT; };
		42F160121C8DF34C006F965E /* RNImagePicker.xcodeproj */ = {isa = PBXFileReference; lastKnownFileType = "wrapper.pb-project"; name = RNImagePicker.xcodeproj; path = "../node_modules/react-native-image-picker/ios/RNImagePicker.xcodeproj"; sourceTree = "<group>"; };
		42F309A11C9E9536006F0926 /* StoreKit.framework */ = {isa = PBXFileReference; lastKnownFileType = wrapper.framework; name = StoreKit.framework; path = System/Library/Frameworks/StoreKit.framework; sourceTree = SDKROOT; };
		5082D4630F154828A0EFBD85 /* RCTDeviceUUID.xcodeproj */ = {isa = PBXFileReference; explicitFileType = undefined; fileEncoding = 0; includeInIndex = 0; lastKnownFileType = "wrapper.pb-project"; name = RCTDeviceUUID.xcodeproj; path = "../node_modules/react-native-device-uuid/RCTDeviceUUID.xcodeproj"; sourceTree = "<group>"; };
		522395951A384EDF974775F2 /* Foundation.ttf */ = {isa = PBXFileReference; explicitFileType = undefined; fileEncoding = 0; includeInIndex = 0; lastKnownFileType = unknown; name = Foundation.ttf; path = "../node_modules/react-native-vector-icons/Fonts/Foundation.ttf"; sourceTree = "<group>"; };
		538CAFBFCF194F8F99364A99 /* EvilIcons.ttf */ = {isa = PBXFileReference; explicitFileType = undefined; fileEncoding = 0; includeInIndex = 0; lastKnownFileType = unknown; name = EvilIcons.ttf; path = "../node_modules/react-native-vector-icons/Fonts/EvilIcons.ttf"; sourceTree = "<group>"; };
		7294E287AAD2430EBB1C22C5 /* libRCTDeviceUUID.a */ = {isa = PBXFileReference; explicitFileType = undefined; fileEncoding = 0; includeInIndex = 0; lastKnownFileType = archive.ar; path = libRCTDeviceUUID.a; sourceTree = "<group>"; };
		78C398B01ACF4ADC00677621 /* RCTLinking.xcodeproj */ = {isa = PBXFileReference; lastKnownFileType = "wrapper.pb-project"; name = RCTLinking.xcodeproj; path = "../node_modules/react-native/Libraries/LinkingIOS/RCTLinking.xcodeproj"; sourceTree = "<group>"; };
		7BC2888F79B7405C923219C8 /* Ionicons.ttf */ = {isa = PBXFileReference; explicitFileType = undefined; fileEncoding = 0; includeInIndex = 0; lastKnownFileType = unknown; name = Ionicons.ttf; path = "../node_modules/react-native-vector-icons/Fonts/Ionicons.ttf"; sourceTree = "<group>"; };
		832341B01AAA6A8300B99B32 /* RCTText.xcodeproj */ = {isa = PBXFileReference; lastKnownFileType = "wrapper.pb-project"; name = RCTText.xcodeproj; path = "../node_modules/react-native/Libraries/Text/RCTText.xcodeproj"; sourceTree = "<group>"; };
		8A1678A1D5BB44D594ECC2BA /* reactnativeswipeout.xcodeproj */ = {isa = PBXFileReference; explicitFileType = undefined; fileEncoding = 9; includeInIndex = 0; lastKnownFileType = "wrapper.pb-project"; name = reactnativeswipeout.xcodeproj; path = "../node_modules/react-native-swipeout/ios/reactnativeswipeout.xcodeproj"; sourceTree = "<group>"; };
		A057B11D16474CFDA2DC4F1D /* libRCTFBSDKShare.a */ = {isa = PBXFileReference; explicitFileType = undefined; fileEncoding = 0; includeInIndex = 0; lastKnownFileType = archive.ar; path = libRCTFBSDKShare.a; sourceTree = "<group>"; };
		A3D4D081F3B24B1AB0456CB3 /* FontAwesome.ttf */ = {isa = PBXFileReference; explicitFileType = undefined; fileEncoding = 0; includeInIndex = 0; lastKnownFileType = unknown; name = FontAwesome.ttf; path = "../node_modules/react-native-vector-icons/Fonts/FontAwesome.ttf"; sourceTree = "<group>"; };
		B28B0D27BCBA4E0389E2CD88 /* Entypo.ttf */ = {isa = PBXFileReference; explicitFileType = undefined; fileEncoding = 0; includeInIndex = 0; lastKnownFileType = unknown; name = Entypo.ttf; path = "../node_modules/react-native-vector-icons/Fonts/Entypo.ttf"; sourceTree = "<group>"; };
		D6DD2FCC86424DE8812DBBB9 /* libRCTFBSDKCore.a */ = {isa = PBXFileReference; explicitFileType = undefined; fileEncoding = 0; includeInIndex = 0; lastKnownFileType = archive.ar; path = libRCTFBSDKCore.a; sourceTree = "<group>"; };
		EB1E2A010EFD4C53B40F45FF /* libRCTActionSheet.a */ = {isa = PBXFileReference; explicitFileType = undefined; fileEncoding = 9; includeInIndex = 0; lastKnownFileType = archive.ar; path = libRCTActionSheet.a; sourceTree = "<group>"; };
		EDDA9628653F4BCFAFF60B1E /* Zocial.ttf */ = {isa = PBXFileReference; explicitFileType = undefined; fileEncoding = 0; includeInIndex = 0; lastKnownFileType = unknown; name = Zocial.ttf; path = "../node_modules/react-native-vector-icons/Fonts/Zocial.ttf"; sourceTree = "<group>"; };
/* End PBXFileReference section */

/* Begin PBXFrameworksBuildPhase section */
		00E356EB1AD99517003FC87E /* Frameworks */ = {
			isa = PBXFrameworksBuildPhase;
			buildActionMask = 2147483647;
			files = (
			);
			runOnlyForDeploymentPostprocessing = 0;
		};
		13B07F8C1A680F5B00A75B9A /* Frameworks */ = {
			isa = PBXFrameworksBuildPhase;
			buildActionMask = 2147483647;
			files = (
				42E728D21C69BB8000FF970D /* SystemConfiguration.framework in Frameworks */,
				421118261C9B8B6D006826B1 /* FBSDKShareKit.framework in Frameworks */,
				421118201C9B791D006826B1 /* Bolts.framework in Frameworks */,
				421118251C9B8B6D006826B1 /* FBSDKLoginKit.framework in Frameworks */,
				42EE2FA81C97FCFF001A2541 /* AddressBook.framework in Frameworks */,
				42F160181C8DF35E006F965E /* libRNImagePicker.a in Frameworks */,
				42646CF71C7BA16E004FB7F8 /* Security.framework in Frameworks */,
				42646CF51C7BA167004FB7F8 /* CFNetwork.framework in Frameworks */,
				42646CF21C7BA129004FB7F8 /* libc++.1.dylib in Frameworks */,
				42646CF31C7BA129004FB7F8 /* libicucore.A.dylib in Frameworks */,
				421BEB171C7268AD0058D624 /* libsqlite3.dylib in Frameworks */,
				421BEB181C7268AD0058D624 /* libz.1.dylib in Frameworks */,
				421BEB081C71B9E90058D624 /* libRCTPushNotification.a in Frameworks */,
				42E5EE8F1C7124CC009C7A35 /* libReactNativeIcons.a in Frameworks */,
				42E728FE1C69C63900FF970D /* libBVLinearGradient.a in Frameworks */,
				42E728F71C69C52B00FF970D /* libRNVectorIcons.a in Frameworks */,
				42E728E21C69BE4200FF970D /* libRCTFBLogin.a in Frameworks */,
				42E728DB1C69BDB700FF970D /* libRCTAutoComplete.a in Frameworks */,
				42E728D41C69BB8F00FF970D /* libz.tbd in Frameworks */,
				42F309A21C9E9536006F0926 /* StoreKit.framework in Frameworks */,
				42E728D01C69BB7400FF970D /* libAppHub.a in Frameworks */,
				146834051AC3E58100842450 /* libReact.a in Frameworks */,
				00C302E51ABCBA2D00DB3ED1 /* libRCTActionSheet.a in Frameworks */,
				00C302E71ABCBA2D00DB3ED1 /* libRCTGeolocation.a in Frameworks */,
				00C302E81ABCBA2D00DB3ED1 /* libRCTImage.a in Frameworks */,
				133E29F31AD74F7200F7D852 /* libRCTLinking.a in Frameworks */,
				421118241C9B8B6D006826B1 /* FBSDKCoreKit.framework in Frameworks */,
				42EE2F901C97FCDD001A2541 /* GoogleSignIn.framework in Frameworks */,
				00C302E91ABCBA2D00DB3ED1 /* libRCTNetwork.a in Frameworks */,
				139105C61AF99C1200B5F7CC /* libRCTSettings.a in Frameworks */,
				832341BD1AAA6AB300B99B32 /* libRCTText.a in Frameworks */,
				00C302EA1ABCBA2D00DB3ED1 /* libRCTVibration.a in Frameworks */,
				139FDEF61B0652A700C62182 /* libRCTWebSocket.a in Frameworks */,
				DCF5F13905BF42FB84BD8BC2 /* libRCTFBSDKCore.a in Frameworks */,
				2F77B5E7F9104EBABB0A700C /* libRCTFBSDKShare.a in Frameworks */,
				795DFD39A1FE4C059B3F17F6 /* libRCTDeviceUUID.a in Frameworks */,
				18D35FAFDA23441996AE8329 /* libRCTActionSheet.a in Frameworks */,
			);
			runOnlyForDeploymentPostprocessing = 0;
		};
/* End PBXFrameworksBuildPhase section */

/* Begin PBXGroup section */
		00C302A81ABCB8CE00DB3ED1 /* Products */ = {
			isa = PBXGroup;
			children = (
				00C302AC1ABCB8CE00DB3ED1 /* libRCTActionSheet.a */,
			);
			name = Products;
			sourceTree = "<group>";
		};
		00C302B61ABCB90400DB3ED1 /* Products */ = {
			isa = PBXGroup;
			children = (
				00C302BA1ABCB90400DB3ED1 /* libRCTGeolocation.a */,
			);
			name = Products;
			sourceTree = "<group>";
		};
		00C302BC1ABCB91800DB3ED1 /* Products */ = {
			isa = PBXGroup;
			children = (
				00C302C01ABCB91800DB3ED1 /* libRCTImage.a */,
			);
			name = Products;
			sourceTree = "<group>";
		};
		00C302D41ABCB9D200DB3ED1 /* Products */ = {
			isa = PBXGroup;
			children = (
				00C302DC1ABCB9D200DB3ED1 /* libRCTNetwork.a */,
			);
			name = Products;
			sourceTree = "<group>";
		};
		00C302E01ABCB9EE00DB3ED1 /* Products */ = {
			isa = PBXGroup;
			children = (
				00C302E41ABCB9EE00DB3ED1 /* libRCTVibration.a */,
			);
			name = Products;
			sourceTree = "<group>";
		};
		00E356EF1AD99517003FC87E /* VentureAppTests */ = {
			isa = PBXGroup;
			children = (
				00E356F21AD99517003FC87E /* VentureAppTests.m */,
				00E356F01AD99517003FC87E /* Supporting Files */,
			);
			path = VentureAppTests;
			sourceTree = "<group>";
		};
		00E356F01AD99517003FC87E /* Supporting Files */ = {
			isa = PBXGroup;
			children = (
				00E356F11AD99517003FC87E /* Info.plist */,
			);
			name = "Supporting Files";
			sourceTree = "<group>";
		};
		139105B71AF99BAD00B5F7CC /* Products */ = {
			isa = PBXGroup;
			children = (
				139105C11AF99BAD00B5F7CC /* libRCTSettings.a */,
			);
			name = Products;
			sourceTree = "<group>";
		};
		139FDEE71B06529A00C62182 /* Products */ = {
			isa = PBXGroup;
			children = (
				139FDEF41B06529B00C62182 /* libRCTWebSocket.a */,
			);
			name = Products;
			sourceTree = "<group>";
		};
		13B07FAE1A68108700A75B9A /* VentureApp */ = {
			isa = PBXGroup;
			children = (
				008F07F21AC5B25A0029DE68 /* main.jsbundle */,
				13B07FAF1A68108700A75B9A /* AppDelegate.h */,
				13B07FB01A68108700A75B9A /* AppDelegate.m */,
				13B07FB51A68108700A75B9A /* Images.xcassets */,
				13B07FB61A68108700A75B9A /* Info.plist */,
				13B07FB11A68108700A75B9A /* LaunchScreen.xib */,
				13B07FB71A68108700A75B9A /* main.m */,
			);
			name = VentureApp;
			sourceTree = "<group>";
		};
		146834001AC3E56700842450 /* Products */ = {
			isa = PBXGroup;
			children = (
				146834041AC3E56700842450 /* libReact.a */,
			);
			name = Products;
			sourceTree = "<group>";
		};
		421118011C9B785A006826B1 /* Products */ = {
			isa = PBXGroup;
			children = (
				4211180C1C9B785A006826B1 /* libRCTFBSDKCore.a */,
			);
			name = Products;
			sourceTree = "<group>";
		};
		4211181A1C9B785A006826B1 /* Products */ = {
			isa = PBXGroup;
			children = (
				4211181E1C9B785A006826B1 /* libRCTFBSDKShare.a */,
			);
			name = Products;
			sourceTree = "<group>";
		};
		421BEAF11C71B9D20058D624 /* Products */ = {
			isa = PBXGroup;
			children = (
				421BEB001C71B9D20058D624 /* libRCTPushNotification.a */,
			);
			name = Products;
			sourceTree = "<group>";
		};
		426057E41CB9EB9B00770BBF /* Products */ = {
			isa = PBXGroup;
			children = (
				426057FE1CB9EB9B00770BBF /* reactnativeswipeout.app */,
				426058001CB9EB9B00770BBF /* reactnativeswipeoutTests.xctest */,
			);
			name = Products;
			sourceTree = "<group>";
		};
		42D5559F1CA8705E00530EFE /* Products */ = {
			isa = PBXGroup;
			children = (
				42D555A91CA8705E00530EFE /* libRCTDeviceUUID.a */,
			);
			name = Products;
			sourceTree = "<group>";
		};
		42E5EE8A1C7124A6009C7A35 /* Products */ = {
			isa = PBXGroup;
			children = (
				42E5EE8E1C7124A6009C7A35 /* libReactNativeIcons.a */,
			);
			name = Products;
			sourceTree = "<group>";
		};
		42E728C61C69BB0A00FF970D /* Products */ = {
			isa = PBXGroup;
			children = (
				42E728CD1C69BB0A00FF970D /* libAppHub.a */,
				42E728CF1C69BB0A00FF970D /* AppHub.xctest */,
			);
			name = Products;
			sourceTree = "<group>";
		};
		42E728D61C69BDA700FF970D /* Products */ = {
			isa = PBXGroup;
			children = (
				42E728DA1C69BDA700FF970D /* libRCTAutoComplete.a */,
			);
			name = Products;
			sourceTree = "<group>";
		};
		42E728DD1C69BE3300FF970D /* Products */ = {
			isa = PBXGroup;
			children = (
				42E728E11C69BE3300FF970D /* libRCTFBLogin.a */,
			);
			name = Products;
			sourceTree = "<group>";
		};
		42E728F21C69C51D00FF970D /* Products */ = {
			isa = PBXGroup;
			children = (
				42E728F61C69C51D00FF970D /* libRNVectorIcons.a */,
			);
			name = Products;
			sourceTree = "<group>";
		};
		42E728F91C69C62900FF970D /* Products */ = {
			isa = PBXGroup;
			children = (
				42E728FD1C69C62900FF970D /* libBVLinearGradient.a */,
			);
			name = Products;
			sourceTree = "<group>";
		};
		42E728FF1C69C71800FF970D /* RCTOrientation */ = {
			isa = PBXGroup;
			children = (
				42E729001C69C71800FF970D /* Orientation.h */,
				42E729011C69C71800FF970D /* Orientation.m */,
			);
			path = RCTOrientation;
			sourceTree = "<group>";
		};
		42EE2F891C97FCDC001A2541 /* RNGoogleSignin */ = {
			isa = PBXGroup;
			children = (
				42EE2F8A1C97FCDC001A2541 /* GoogleSignIn.bundle */,
				42EE2F8B1C97FCDC001A2541 /* GoogleSignIn.framework */,
				42EE2F8C1C97FCDC001A2541 /* RNGoogleSignin.h */,
				42EE2F8D1C97FCDC001A2541 /* RNGoogleSignin.m */,
				42EE2F8E1C97FCDC001A2541 /* RNGoogleSigninButtonManager.m */,
			);
			path = RNGoogleSignin;
			sourceTree = "<group>";
		};
		42F160131C8DF34C006F965E /* Products */ = {
			isa = PBXGroup;
			children = (
				42F160171C8DF34C006F965E /* libRNImagePicker.a */,
			);
			name = Products;
			sourceTree = "<group>";
		};
		42F849D11C9B6CCE007F83A6 /* Frameworks */ = {
			isa = PBXGroup;
			children = (
				42F309A11C9E9536006F0926 /* StoreKit.framework */,
				421118211C9B8B6D006826B1 /* FBSDKCoreKit.framework */,
				421118221C9B8B6D006826B1 /* FBSDKLoginKit.framework */,
				421118231C9B8B6D006826B1 /* FBSDKShareKit.framework */,
				4211181F1C9B791D006826B1 /* Bolts.framework */,
			);
			name = Frameworks;
			sourceTree = "<group>";
		};
		78C398B11ACF4ADC00677621 /* Products */ = {
			isa = PBXGroup;
			children = (
				78C398B91ACF4ADC00677621 /* libRCTLinking.a */,
			);
			name = Products;
			sourceTree = "<group>";
		};
		832341AE1AAA6A7D00B99B32 /* Libraries */ = {
			isa = PBXGroup;
			children = (
				42F160121C8DF34C006F965E /* RNImagePicker.xcodeproj */,
				421BEAF01C71B9D20058D624 /* RCTPushNotification.xcodeproj */,
				42E5EE891C7124A6009C7A35 /* ReactNativeIcons.xcodeproj */,
				42E728F81C69C62900FF970D /* BVLinearGradient.xcodeproj */,
				42E728F11C69C51D00FF970D /* RNVectorIcons.xcodeproj */,
				42E728DC1C69BE3300FF970D /* RCTFBLogin.xcodeproj */,
				42E728D51C69BDA700FF970D /* RCTAutoComplete.xcodeproj */,
				42E728C51C69BB0A00FF970D /* AppHub.xcodeproj */,
				146833FF1AC3E56700842450 /* React.xcodeproj */,
				00C302A71ABCB8CE00DB3ED1 /* RCTActionSheet.xcodeproj */,
				00C302B51ABCB90400DB3ED1 /* RCTGeolocation.xcodeproj */,
				00C302BB1ABCB91800DB3ED1 /* RCTImage.xcodeproj */,
				78C398B01ACF4ADC00677621 /* RCTLinking.xcodeproj */,
				00C302D31ABCB9D200DB3ED1 /* RCTNetwork.xcodeproj */,
				139105B61AF99BAD00B5F7CC /* RCTSettings.xcodeproj */,
				832341B01AAA6A8300B99B32 /* RCTText.xcodeproj */,
				00C302DF1ABCB9EE00DB3ED1 /* RCTVibration.xcodeproj */,
				139FDEE61B06529A00C62182 /* RCTWebSocket.xcodeproj */,
				266C8FB737A24730A6B6830E /* RCTFBSDKCore.xcodeproj */,
				167CD755F9D64E7BA9B1E52D /* RCTFBSDKShare.xcodeproj */,
				5082D4630F154828A0EFBD85 /* RCTDeviceUUID.xcodeproj */,
				8A1678A1D5BB44D594ECC2BA /* reactnativeswipeout.xcodeproj */,
			);
			name = Libraries;
			sourceTree = "<group>";
		};
		832341B11AAA6A8300B99B32 /* Products */ = {
			isa = PBXGroup;
			children = (
				832341B51AAA6A8300B99B32 /* libRCTText.a */,
			);
			name = Products;
			sourceTree = "<group>";
		};
		83CBB9F61A601CBA00E9B192 = {
			isa = PBXGroup;
			children = (
				4290EC9F1CB259BF00A7C749 /* Default-568h@2x.png */,
				42F849D11C9B6CCE007F83A6 /* Frameworks */,
				42EE2FA71C97FCFF001A2541 /* AddressBook.framework */,
				42EE2F891C97FCDC001A2541 /* RNGoogleSignin */,
				42646CF61C7BA16E004FB7F8 /* Security.framework */,
				42646CF41C7BA166004FB7F8 /* CFNetwork.framework */,
				42646CF01C7BA129004FB7F8 /* libc++.1.dylib */,
				42646CF11C7BA129004FB7F8 /* libicucore.A.dylib */,
				42E728D11C69BB8000FF970D /* SystemConfiguration.framework */,
				421BEB151C7268AD0058D624 /* libsqlite3.dylib */,
				421BEB161C7268AD0058D624 /* libz.1.dylib */,
				42E5EE921C712D71009C7A35 /* ionicons.ttf */,
				42E728FF1C69C71800FF970D /* RCTOrientation */,
				42E728D31C69BB8F00FF970D /* libz.tbd */,
				13B07FAE1A68108700A75B9A /* VentureApp */,
				832341AE1AAA6A7D00B99B32 /* Libraries */,
				00E356EF1AD99517003FC87E /* VentureAppTests */,
				83CBBA001A601CBA00E9B192 /* Products */,
				B8910351320E409BA01C309D /* Resources */,
			);
			indentWidth = 2;
			sourceTree = "<group>";
			tabWidth = 2;
		};
		83CBBA001A601CBA00E9B192 /* Products */ = {
			isa = PBXGroup;
			children = (
				13B07F961A680F5B00A75B9A /* VentureApp.app */,
				00E356EE1AD99517003FC87E /* VentureAppTests.xctest */,
			);
			name = Products;
			sourceTree = "<group>";
		};
		B8910351320E409BA01C309D /* Resources */ = {
			isa = PBXGroup;
			children = (
				B28B0D27BCBA4E0389E2CD88 /* Entypo.ttf */,
				538CAFBFCF194F8F99364A99 /* EvilIcons.ttf */,
				A3D4D081F3B24B1AB0456CB3 /* FontAwesome.ttf */,
				522395951A384EDF974775F2 /* Foundation.ttf */,
				7BC2888F79B7405C923219C8 /* Ionicons.ttf */,
				25D148645A9F4E95854852C4 /* MaterialIcons.ttf */,
				0C98E6D7B70F482C8BCDE112 /* Octicons.ttf */,
				EDDA9628653F4BCFAFF60B1E /* Zocial.ttf */,
			);
			name = Resources;
			sourceTree = "<group>";
		};
/* End PBXGroup section */

/* Begin PBXNativeTarget section */
		00E356ED1AD99517003FC87E /* VentureAppTests */ = {
			isa = PBXNativeTarget;
			buildConfigurationList = 00E357021AD99517003FC87E /* Build configuration list for PBXNativeTarget "VentureAppTests" */;
			buildPhases = (
				00E356EA1AD99517003FC87E /* Sources */,
				00E356EB1AD99517003FC87E /* Frameworks */,
				00E356EC1AD99517003FC87E /* Resources */,
			);
			buildRules = (
			);
			dependencies = (
				00E356F51AD99517003FC87E /* PBXTargetDependency */,
			);
			name = VentureAppTests;
			productName = VentureAppTests;
			productReference = 00E356EE1AD99517003FC87E /* VentureAppTests.xctest */;
			productType = "com.apple.product-type.bundle.unit-test";
		};
		13B07F861A680F5B00A75B9A /* VentureApp */ = {
			isa = PBXNativeTarget;
			buildConfigurationList = 13B07F931A680F5B00A75B9A /* Build configuration list for PBXNativeTarget "VentureApp" */;
			buildPhases = (
				13B07F871A680F5B00A75B9A /* Sources */,
				13B07F8C1A680F5B00A75B9A /* Frameworks */,
				13B07F8E1A680F5B00A75B9A /* Resources */,
				00DD1BFF1BD5951E006B06BC /* Bundle React Native code and images */,
			);
			buildRules = (
			);
			dependencies = (
			);
			name = VentureApp;
			productName = "Hello World";
			productReference = 13B07F961A680F5B00A75B9A /* VentureApp.app */;
			productType = "com.apple.product-type.application";
		};
/* End PBXNativeTarget section */

/* Begin PBXProject section */
		83CBB9F71A601CBA00E9B192 /* Project object */ = {
			isa = PBXProject;
			attributes = {
				LastSwiftUpdateCheck = 720;
				LastUpgradeCheck = 610;
				ORGANIZATIONNAME = Facebook;
				TargetAttributes = {
					00E356ED1AD99517003FC87E = {
						CreatedOnToolsVersion = 6.2;
						TestTargetID = 13B07F861A680F5B00A75B9A;
					};
					13B07F861A680F5B00A75B9A = {
						DevelopmentTeam = TBLUZ69253;
						SystemCapabilities = {
							com.apple.BackgroundModes = {
								enabled = 0;
							};
							com.apple.InAppPurchase = {
								enabled = 1;
							};
							com.apple.Push = {
								enabled = 1;
							};
						};
					};
				};
			};
			buildConfigurationList = 83CBB9FA1A601CBA00E9B192 /* Build configuration list for PBXProject "VentureApp" */;
			compatibilityVersion = "Xcode 3.2";
			developmentRegion = English;
			hasScannedForEncodings = 0;
			knownRegions = (
				en,
				Base,
			);
			mainGroup = 83CBB9F61A601CBA00E9B192;
			productRefGroup = 83CBBA001A601CBA00E9B192 /* Products */;
			projectDirPath = "";
			projectReferences = (
				{
					ProductGroup = 42E728C61C69BB0A00FF970D /* Products */;
					ProjectRef = 42E728C51C69BB0A00FF970D /* AppHub.xcodeproj */;
				},
				{
					ProductGroup = 42E728F91C69C62900FF970D /* Products */;
					ProjectRef = 42E728F81C69C62900FF970D /* BVLinearGradient.xcodeproj */;
				},
				{
					ProductGroup = 00C302A81ABCB8CE00DB3ED1 /* Products */;
					ProjectRef = 00C302A71ABCB8CE00DB3ED1 /* RCTActionSheet.xcodeproj */;
				},
				{
					ProductGroup = 42E728D61C69BDA700FF970D /* Products */;
					ProjectRef = 42E728D51C69BDA700FF970D /* RCTAutoComplete.xcodeproj */;
				},
				{
					ProductGroup = 42D5559F1CA8705E00530EFE /* Products */;
					ProjectRef = 5082D4630F154828A0EFBD85 /* RCTDeviceUUID.xcodeproj */;
				},
				{
					ProductGroup = 42E728DD1C69BE3300FF970D /* Products */;
					ProjectRef = 42E728DC1C69BE3300FF970D /* RCTFBLogin.xcodeproj */;
				},
				{
					ProductGroup = 421118011C9B785A006826B1 /* Products */;
					ProjectRef = 266C8FB737A24730A6B6830E /* RCTFBSDKCore.xcodeproj */;
				},
				{
					ProductGroup = 4211181A1C9B785A006826B1 /* Products */;
					ProjectRef = 167CD755F9D64E7BA9B1E52D /* RCTFBSDKShare.xcodeproj */;
				},
				{
					ProductGroup = 00C302B61ABCB90400DB3ED1 /* Products */;
					ProjectRef = 00C302B51ABCB90400DB3ED1 /* RCTGeolocation.xcodeproj */;
				},
				{
					ProductGroup = 00C302BC1ABCB91800DB3ED1 /* Products */;
					ProjectRef = 00C302BB1ABCB91800DB3ED1 /* RCTImage.xcodeproj */;
				},
				{
					ProductGroup = 78C398B11ACF4ADC00677621 /* Products */;
					ProjectRef = 78C398B01ACF4ADC00677621 /* RCTLinking.xcodeproj */;
				},
				{
					ProductGroup = 00C302D41ABCB9D200DB3ED1 /* Products */;
					ProjectRef = 00C302D31ABCB9D200DB3ED1 /* RCTNetwork.xcodeproj */;
				},
				{
					ProductGroup = 421BEAF11C71B9D20058D624 /* Products */;
					ProjectRef = 421BEAF01C71B9D20058D624 /* RCTPushNotification.xcodeproj */;
				},
				{
					ProductGroup = 139105B71AF99BAD00B5F7CC /* Products */;
					ProjectRef = 139105B61AF99BAD00B5F7CC /* RCTSettings.xcodeproj */;
				},
				{
					ProductGroup = 832341B11AAA6A8300B99B32 /* Products */;
					ProjectRef = 832341B01AAA6A8300B99B32 /* RCTText.xcodeproj */;
				},
				{
					ProductGroup = 00C302E01ABCB9EE00DB3ED1 /* Products */;
					ProjectRef = 00C302DF1ABCB9EE00DB3ED1 /* RCTVibration.xcodeproj */;
				},
				{
					ProductGroup = 139FDEE71B06529A00C62182 /* Products */;
					ProjectRef = 139FDEE61B06529A00C62182 /* RCTWebSocket.xcodeproj */;
				},
				{
					ProductGroup = 146834001AC3E56700842450 /* Products */;
					ProjectRef = 146833FF1AC3E56700842450 /* React.xcodeproj */;
				},
				{
					ProductGroup = 42E5EE8A1C7124A6009C7A35 /* Products */;
					ProjectRef = 42E5EE891C7124A6009C7A35 /* ReactNativeIcons.xcodeproj */;
				},
				{
					ProductGroup = 426057E41CB9EB9B00770BBF /* Products */;
					ProjectRef = 8A1678A1D5BB44D594ECC2BA /* reactnativeswipeout.xcodeproj */;
				},
				{
					ProductGroup = 42F160131C8DF34C006F965E /* Products */;
					ProjectRef = 42F160121C8DF34C006F965E /* RNImagePicker.xcodeproj */;
				},
				{
					ProductGroup = 42E728F21C69C51D00FF970D /* Products */;
					ProjectRef = 42E728F11C69C51D00FF970D /* RNVectorIcons.xcodeproj */;
				},
			);
			projectRoot = "";
			targets = (
				13B07F861A680F5B00A75B9A /* VentureApp */,
				00E356ED1AD99517003FC87E /* VentureAppTests */,
			);
		};
/* End PBXProject section */

/* Begin PBXReferenceProxy section */
		00C302AC1ABCB8CE00DB3ED1 /* libRCTActionSheet.a */ = {
			isa = PBXReferenceProxy;
			fileType = archive.ar;
			path = libRCTActionSheet.a;
			remoteRef = 00C302AB1ABCB8CE00DB3ED1 /* PBXContainerItemProxy */;
			sourceTree = BUILT_PRODUCTS_DIR;
		};
		00C302BA1ABCB90400DB3ED1 /* libRCTGeolocation.a */ = {
			isa = PBXReferenceProxy;
			fileType = archive.ar;
			path = libRCTGeolocation.a;
			remoteRef = 00C302B91ABCB90400DB3ED1 /* PBXContainerItemProxy */;
			sourceTree = BUILT_PRODUCTS_DIR;
		};
		00C302C01ABCB91800DB3ED1 /* libRCTImage.a */ = {
			isa = PBXReferenceProxy;
			fileType = archive.ar;
			path = libRCTImage.a;
			remoteRef = 00C302BF1ABCB91800DB3ED1 /* PBXContainerItemProxy */;
			sourceTree = BUILT_PRODUCTS_DIR;
		};
		00C302DC1ABCB9D200DB3ED1 /* libRCTNetwork.a */ = {
			isa = PBXReferenceProxy;
			fileType = archive.ar;
			path = libRCTNetwork.a;
			remoteRef = 00C302DB1ABCB9D200DB3ED1 /* PBXContainerItemProxy */;
			sourceTree = BUILT_PRODUCTS_DIR;
		};
		00C302E41ABCB9EE00DB3ED1 /* libRCTVibration.a */ = {
			isa = PBXReferenceProxy;
			fileType = archive.ar;
			path = libRCTVibration.a;
			remoteRef = 00C302E31ABCB9EE00DB3ED1 /* PBXContainerItemProxy */;
			sourceTree = BUILT_PRODUCTS_DIR;
		};
		139105C11AF99BAD00B5F7CC /* libRCTSettings.a */ = {
			isa = PBXReferenceProxy;
			fileType = archive.ar;
			path = libRCTSettings.a;
			remoteRef = 139105C01AF99BAD00B5F7CC /* PBXContainerItemProxy */;
			sourceTree = BUILT_PRODUCTS_DIR;
		};
		139FDEF41B06529B00C62182 /* libRCTWebSocket.a */ = {
			isa = PBXReferenceProxy;
			fileType = archive.ar;
			path = libRCTWebSocket.a;
			remoteRef = 139FDEF31B06529B00C62182 /* PBXContainerItemProxy */;
			sourceTree = BUILT_PRODUCTS_DIR;
		};
		146834041AC3E56700842450 /* libReact.a */ = {
			isa = PBXReferenceProxy;
			fileType = archive.ar;
			path = libReact.a;
			remoteRef = 146834031AC3E56700842450 /* PBXContainerItemProxy */;
			sourceTree = BUILT_PRODUCTS_DIR;
		};
		4211180C1C9B785A006826B1 /* libRCTFBSDKCore.a */ = {
			isa = PBXReferenceProxy;
			fileType = archive.ar;
			path = libRCTFBSDKCore.a;
			remoteRef = 4211180B1C9B785A006826B1 /* PBXContainerItemProxy */;
			sourceTree = BUILT_PRODUCTS_DIR;
		};
		4211181E1C9B785A006826B1 /* libRCTFBSDKShare.a */ = {
			isa = PBXReferenceProxy;
			fileType = archive.ar;
			path = libRCTFBSDKShare.a;
			remoteRef = 4211181D1C9B785A006826B1 /* PBXContainerItemProxy */;
			sourceTree = BUILT_PRODUCTS_DIR;
		};
		421BEB001C71B9D20058D624 /* libRCTPushNotification.a */ = {
			isa = PBXReferenceProxy;
			fileType = archive.ar;
			path = libRCTPushNotification.a;
			remoteRef = 421BEAFF1C71B9D20058D624 /* PBXContainerItemProxy */;
			sourceTree = BUILT_PRODUCTS_DIR;
		};
		426057FE1CB9EB9B00770BBF /* reactnativeswipeout.app */ = {
			isa = PBXReferenceProxy;
			fileType = wrapper.application;
			path = reactnativeswipeout.app;
			remoteRef = 426057FD1CB9EB9B00770BBF /* PBXContainerItemProxy */;
			sourceTree = BUILT_PRODUCTS_DIR;
		};
		426058001CB9EB9B00770BBF /* reactnativeswipeoutTests.xctest */ = {
			isa = PBXReferenceProxy;
			fileType = wrapper.cfbundle;
			path = reactnativeswipeoutTests.xctest;
			remoteRef = 426057FF1CB9EB9B00770BBF /* PBXContainerItemProxy */;
			sourceTree = BUILT_PRODUCTS_DIR;
		};
		42D555A91CA8705E00530EFE /* libRCTDeviceUUID.a */ = {
			isa = PBXReferenceProxy;
			fileType = archive.ar;
			path = libRCTDeviceUUID.a;
			remoteRef = 42D555A81CA8705E00530EFE /* PBXContainerItemProxy */;
			sourceTree = BUILT_PRODUCTS_DIR;
		};
		42E5EE8E1C7124A6009C7A35 /* libReactNativeIcons.a */ = {
			isa = PBXReferenceProxy;
			fileType = archive.ar;
			path = libReactNativeIcons.a;
			remoteRef = 42E5EE8D1C7124A6009C7A35 /* PBXContainerItemProxy */;
			sourceTree = BUILT_PRODUCTS_DIR;
		};
		42E728CD1C69BB0A00FF970D /* libAppHub.a */ = {
			isa = PBXReferenceProxy;
			fileType = archive.ar;
			path = libAppHub.a;
			remoteRef = 42E728CC1C69BB0A00FF970D /* PBXContainerItemProxy */;
			sourceTree = BUILT_PRODUCTS_DIR;
		};
		42E728CF1C69BB0A00FF970D /* AppHub.xctest */ = {
			isa = PBXReferenceProxy;
			fileType = wrapper.cfbundle;
			path = AppHub.xctest;
			remoteRef = 42E728CE1C69BB0A00FF970D /* PBXContainerItemProxy */;
			sourceTree = BUILT_PRODUCTS_DIR;
		};
		42E728DA1C69BDA700FF970D /* libRCTAutoComplete.a */ = {
			isa = PBXReferenceProxy;
			fileType = archive.ar;
			path = libRCTAutoComplete.a;
			remoteRef = 42E728D91C69BDA700FF970D /* PBXContainerItemProxy */;
			sourceTree = BUILT_PRODUCTS_DIR;
		};
		42E728E11C69BE3300FF970D /* libRCTFBLogin.a */ = {
			isa = PBXReferenceProxy;
			fileType = archive.ar;
			path = libRCTFBLogin.a;
			remoteRef = 42E728E01C69BE3300FF970D /* PBXContainerItemProxy */;
			sourceTree = BUILT_PRODUCTS_DIR;
		};
		42E728F61C69C51D00FF970D /* libRNVectorIcons.a */ = {
			isa = PBXReferenceProxy;
			fileType = archive.ar;
			path = libRNVectorIcons.a;
			remoteRef = 42E728F51C69C51D00FF970D /* PBXContainerItemProxy */;
			sourceTree = BUILT_PRODUCTS_DIR;
		};
		42E728FD1C69C62900FF970D /* libBVLinearGradient.a */ = {
			isa = PBXReferenceProxy;
			fileType = archive.ar;
			path = libBVLinearGradient.a;
			remoteRef = 42E728FC1C69C62900FF970D /* PBXContainerItemProxy */;
			sourceTree = BUILT_PRODUCTS_DIR;
		};
		42F160171C8DF34C006F965E /* libRNImagePicker.a */ = {
			isa = PBXReferenceProxy;
			fileType = archive.ar;
			path = libRNImagePicker.a;
			remoteRef = 42F160161C8DF34C006F965E /* PBXContainerItemProxy */;
			sourceTree = BUILT_PRODUCTS_DIR;
		};
		78C398B91ACF4ADC00677621 /* libRCTLinking.a */ = {
			isa = PBXReferenceProxy;
			fileType = archive.ar;
			path = libRCTLinking.a;
			remoteRef = 78C398B81ACF4ADC00677621 /* PBXContainerItemProxy */;
			sourceTree = BUILT_PRODUCTS_DIR;
		};
		832341B51AAA6A8300B99B32 /* libRCTText.a */ = {
			isa = PBXReferenceProxy;
			fileType = archive.ar;
			path = libRCTText.a;
			remoteRef = 832341B41AAA6A8300B99B32 /* PBXContainerItemProxy */;
			sourceTree = BUILT_PRODUCTS_DIR;
		};
/* End PBXReferenceProxy section */

/* Begin PBXResourcesBuildPhase section */
		00E356EC1AD99517003FC87E /* Resources */ = {
			isa = PBXResourcesBuildPhase;
			buildActionMask = 2147483647;
			files = (
			);
			runOnlyForDeploymentPostprocessing = 0;
		};
		13B07F8E1A680F5B00A75B9A /* Resources */ = {
			isa = PBXResourcesBuildPhase;
			buildActionMask = 2147483647;
			files = (
				42E5EE931C712D71009C7A35 /* ionicons.ttf in Resources */,
				42EE2F8F1C97FCDD001A2541 /* GoogleSignIn.bundle in Resources */,
				13B07FBF1A68108700A75B9A /* Images.xcassets in Resources */,
				13B07FBD1A68108700A75B9A /* LaunchScreen.xib in Resources */,
				4290ECA01CB259BF00A7C749 /* Default-568h@2x.png in Resources */,
			);
			runOnlyForDeploymentPostprocessing = 0;
		};
/* End PBXResourcesBuildPhase section */

/* Begin PBXShellScriptBuildPhase section */
		00DD1BFF1BD5951E006B06BC /* Bundle React Native code and images */ = {
			isa = PBXShellScriptBuildPhase;
			buildActionMask = 2147483647;
			files = (
			);
			inputPaths = (
			);
			name = "Bundle React Native code and images";
			outputPaths = (
			);
			runOnlyForDeploymentPostprocessing = 0;
			shellPath = /bin/sh;
			shellScript = "export NODE_BINARY=node\n../node_modules/react-native/packager/react-native-xcode.sh";
		};
/* End PBXShellScriptBuildPhase section */

/* Begin PBXSourcesBuildPhase section */
		00E356EA1AD99517003FC87E /* Sources */ = {
			isa = PBXSourcesBuildPhase;
			buildActionMask = 2147483647;
			files = (
				00E356F31AD99517003FC87E /* VentureAppTests.m in Sources */,
			);
			runOnlyForDeploymentPostprocessing = 0;
		};
		13B07F871A680F5B00A75B9A /* Sources */ = {
			isa = PBXSourcesBuildPhase;
			buildActionMask = 2147483647;
			files = (
				42EE2F921C97FCDD001A2541 /* RNGoogleSigninButtonManager.m in Sources */,
				42EE2F911C97FCDD001A2541 /* RNGoogleSignin.m in Sources */,
				13B07FBC1A68108700A75B9A /* AppDelegate.m in Sources */,
				13B07FC11A68108700A75B9A /* main.m in Sources */,
				42E729021C69C71800FF970D /* Orientation.m in Sources */,
			);
			runOnlyForDeploymentPostprocessing = 0;
		};
/* End PBXSourcesBuildPhase section */

/* Begin PBXTargetDependency section */
		00E356F51AD99517003FC87E /* PBXTargetDependency */ = {
			isa = PBXTargetDependency;
			target = 13B07F861A680F5B00A75B9A /* VentureApp */;
			targetProxy = 00E356F41AD99517003FC87E /* PBXContainerItemProxy */;
		};
/* End PBXTargetDependency section */

/* Begin PBXVariantGroup section */
		13B07FB11A68108700A75B9A /* LaunchScreen.xib */ = {
			isa = PBXVariantGroup;
			children = (
				13B07FB21A68108700A75B9A /* Base */,
			);
			name = LaunchScreen.xib;
			path = VentureApp;
			sourceTree = "<group>";
		};
/* End PBXVariantGroup section */

/* Begin XCBuildConfiguration section */
		00E356F61AD99517003FC87E /* Debug */ = {
			isa = XCBuildConfiguration;
			buildSettings = {
				BUNDLE_LOADER = "$(TEST_HOST)";
				FRAMEWORK_SEARCH_PATHS = (
					"$(SDKROOT)/Developer/Library/Frameworks",
					"$(inherited)",
				);
				GCC_PREPROCESSOR_DEFINITIONS = (
					"DEBUG=1",
					"$(inherited)",
				);
				INFOPLIST_FILE = VentureAppTests/Info.plist;
				IPHONEOS_DEPLOYMENT_TARGET = 8.2;
				LD_RUNPATH_SEARCH_PATHS = "$(inherited) @executable_path/Frameworks @loader_path/Frameworks";
				LIBRARY_SEARCH_PATHS = (
					"$(inherited)",
					"\"$(SRCROOT)/$(TARGET_NAME)\"",
					"\"$(SRCROOT)/$(TARGET_NAME)\"",
					"\"$(SRCROOT)/$(TARGET_NAME)\"",
					"\"$(SRCROOT)/$(TARGET_NAME)\"",
				);
				PRODUCT_NAME = "$(TARGET_NAME)";
				TEST_HOST = "$(BUILT_PRODUCTS_DIR)/VentureApp.app/VentureApp";
			};
			name = Debug;
		};
		00E356F71AD99517003FC87E /* Release */ = {
			isa = XCBuildConfiguration;
			buildSettings = {
				BUNDLE_LOADER = "$(TEST_HOST)";
				COPY_PHASE_STRIP = NO;
				FRAMEWORK_SEARCH_PATHS = (
					"$(SDKROOT)/Developer/Library/Frameworks",
					"$(inherited)",
				);
				INFOPLIST_FILE = VentureAppTests/Info.plist;
				IPHONEOS_DEPLOYMENT_TARGET = 8.2;
				LD_RUNPATH_SEARCH_PATHS = "$(inherited) @executable_path/Frameworks @loader_path/Frameworks";
				LIBRARY_SEARCH_PATHS = (
					"$(inherited)",
					"\"$(SRCROOT)/$(TARGET_NAME)\"",
					"\"$(SRCROOT)/$(TARGET_NAME)\"",
					"\"$(SRCROOT)/$(TARGET_NAME)\"",
					"\"$(SRCROOT)/$(TARGET_NAME)\"",
				);
				PRODUCT_NAME = "$(TARGET_NAME)";
				TEST_HOST = "$(BUILT_PRODUCTS_DIR)/VentureApp.app/VentureApp";
			};
			name = Release;
		};
		13B07F941A680F5B00A75B9A /* Debug */ = {
			isa = XCBuildConfiguration;
			buildSettings = {
				ASSETCATALOG_COMPILER_APPICON_NAME = AppIcon;
				CLANG_ENABLE_MODULES = YES;
				CODE_SIGN_IDENTITY = "iPhone Developer: Harrison Miller (8ZDWAFGY98)";
				"CODE_SIGN_IDENTITY[sdk=iphoneos*]" = "iPhone Developer";
				DEAD_CODE_STRIPPING = NO;
				ENABLE_BITCODE = NO;
				FRAMEWORK_SEARCH_PATHS = (
					"$(inherited)",
					"$(PROJECT_DIR)",
					"$(SRCROOT)/../node_modules/react-native-facebook-login/FacebookSDK/**",
					"$(PROJECT_DIR)/RNGoogleSignin",
					"~/Documents/FacebookSDK",
				);
				HEADER_SEARCH_PATHS = (
					"$(inherited)",
					/Applications/Xcode.app/Contents/Developer/Toolchains/XcodeDefault.xctoolchain/usr/include,
					"$(SRCROOT)/../node_modules/react-native/React/**",
					"$(SRCROOT)/../node_modules/apphub/AppHub/**",
					"$(SRCROOT)/../node_modules/react-native/Libraries/PushNotificationIOS/**",
					"$(SRCROOT)/../node_modules/react-native-fbsdkcore/iOS",
					"$(SRCROOT)/../node_modules/react-native-fbsdkshare/iOS",
					"$(SRCROOT)/../node_modules/react-native-fbsdkcore/iOS",
					"$(SRCROOT)/../node_modules/react-native-fbsdkshare/iOS",
					"$(SRCROOT)/../node_modules/react-native-fbsdkcore/iOS",
					"$(SRCROOT)/../node_modules/react-native-fbsdkshare/iOS",
					"$(SRCROOT)/../node_modules/react-native-device-uuid",
					"$(SRCROOT)/../node_modules/react-native-swipeout/ios/reactnativeswipeout",
				);
				INFOPLIST_FILE = VentureApp/Info.plist;
				LD_RUNPATH_SEARCH_PATHS = "$(inherited) @executable_path/Frameworks";
				OTHER_LDFLAGS = "-ObjC";
				PRODUCT_BUNDLE_IDENTIFIER = com.id13v9d7z1mmlohv1y89org;
				PRODUCT_NAME = VentureApp;
				PROVISIONING_PROFILE = "";
				SWIFT_OBJC_BRIDGING_HEADER = "VentureApp-Bridging-Header.h";
				SWIFT_OPTIMIZATION_LEVEL = "-Onone";
				TARGETED_DEVICE_FAMILY = "1,2";
			};
			name = Debug;
		};
		13B07F951A680F5B00A75B9A /* Release */ = {
			isa = XCBuildConfiguration;
			buildSettings = {
				ASSETCATALOG_COMPILER_APPICON_NAME = AppIcon;
				CLANG_ENABLE_MODULES = YES;
				CODE_SIGN_IDENTITY = "iPhone Developer: Harrison Miller (8ZDWAFGY98)";
				"CODE_SIGN_IDENTITY[sdk=iphoneos*]" = "iPhone Developer";
				ENABLE_BITCODE = NO;
				FRAMEWORK_SEARCH_PATHS = (
					"$(inherited)",
					"$(PROJECT_DIR)",
					"$(SRCROOT)/../node_modules/react-native-facebook-login/FacebookSDK/**",
					"$(PROJECT_DIR)/RNGoogleSignin",
					"~/Documents/FacebookSDK",
				);
				HEADER_SEARCH_PATHS = (
					"$(inherited)",
					/Applications/Xcode.app/Contents/Developer/Toolchains/XcodeDefault.xctoolchain/usr/include,
					"$(SRCROOT)/../node_modules/react-native/React/**",
					"$(SRCROOT)/../node_modules/apphub/AppHub/**",
					"$(SRCROOT)/../node_modules/react-native/Libraries/PushNotificationIOS/**",
					"$(SRCROOT)/../node_modules/react-native-fbsdkcore/iOS",
					"$(SRCROOT)/../node_modules/react-native-fbsdkshare/iOS",
					"$(SRCROOT)/../node_modules/react-native-fbsdkcore/iOS",
					"$(SRCROOT)/../node_modules/react-native-fbsdkshare/iOS",
					"$(SRCROOT)/../node_modules/react-native-fbsdkcore/iOS",
					"$(SRCROOT)/../node_modules/react-native-fbsdkshare/iOS",
					"$(SRCROOT)/../node_modules/react-native-device-uuid",
					"$(SRCROOT)/../node_modules/react-native-swipeout/ios/reactnativeswipeout",
				);
				INFOPLIST_FILE = VentureApp/Info.plist;
				LD_RUNPATH_SEARCH_PATHS = "$(inherited) @executable_path/Frameworks";
				OTHER_LDFLAGS = "-ObjC";
				PRODUCT_BUNDLE_IDENTIFIER = com.id13v9d7z1mmlohv1y89org;
				PRODUCT_NAME = VentureApp;
				PROVISIONING_PROFILE = "";
				SWIFT_OBJC_BRIDGING_HEADER = "VentureApp-Bridging-Header.h";
				TARGETED_DEVICE_FAMILY = "1,2";
			};
			name = Release;
		};
		83CBBA201A601CBA00E9B192 /* Debug */ = {
			isa = XCBuildConfiguration;
			buildSettings = {
				ALWAYS_SEARCH_USER_PATHS = NO;
				CLANG_CXX_LANGUAGE_STANDARD = "gnu++0x";
				CLANG_CXX_LIBRARY = "libc++";
				CLANG_ENABLE_MODULES = YES;
				CLANG_ENABLE_OBJC_ARC = YES;
				CLANG_WARN_BOOL_CONVERSION = YES;
				CLANG_WARN_CONSTANT_CONVERSION = YES;
				CLANG_WARN_DIRECT_OBJC_ISA_USAGE = YES_ERROR;
				CLANG_WARN_EMPTY_BODY = YES;
				CLANG_WARN_ENUM_CONVERSION = YES;
				CLANG_WARN_INT_CONVERSION = YES;
				CLANG_WARN_OBJC_ROOT_CLASS = YES_ERROR;
				CLANG_WARN_UNREACHABLE_CODE = YES;
				CLANG_WARN__DUPLICATE_METHOD_MATCH = YES;
				"CODE_SIGN_IDENTITY[sdk=iphoneos*]" = "iPhone Developer";
				COPY_PHASE_STRIP = NO;
				ENABLE_STRICT_OBJC_MSGSEND = YES;
				GCC_C_LANGUAGE_STANDARD = gnu99;
				GCC_DYNAMIC_NO_PIC = NO;
				GCC_OPTIMIZATION_LEVEL = 0;
				GCC_PREPROCESSOR_DEFINITIONS = (
					"DEBUG=1",
					"$(inherited)",
				);
				GCC_SYMBOLS_PRIVATE_EXTERN = NO;
				GCC_WARN_64_TO_32_BIT_CONVERSION = YES;
				GCC_WARN_ABOUT_RETURN_TYPE = YES_ERROR;
				GCC_WARN_UNDECLARED_SELECTOR = YES;
				GCC_WARN_UNINITIALIZED_AUTOS = YES_AGGRESSIVE;
				GCC_WARN_UNUSED_FUNCTION = YES;
				GCC_WARN_UNUSED_VARIABLE = YES;
				HEADER_SEARCH_PATHS = (
					"$(inherited)",
					/Applications/Xcode.app/Contents/Developer/Toolchains/XcodeDefault.xctoolchain/usr/include,
					"$(SRCROOT)/../node_modules/react-native/React/**",
					"$(SRCROOT)/../node_modules/react-native-fbsdkcore/iOS",
					"$(SRCROOT)/../node_modules/react-native-fbsdkshare/iOS",
					"$(SRCROOT)/../node_modules/react-native-fbsdkcore/iOS",
					"$(SRCROOT)/../node_modules/react-native-fbsdkshare/iOS",
					"$(SRCROOT)/../node_modules/react-native-fbsdkcore/iOS",
					"$(SRCROOT)/../node_modules/react-native-fbsdkshare/iOS",
					"$(SRCROOT)/../node_modules/react-native-device-uuid",
					"$(SRCROOT)/../node_modules/react-native-swipeout/ios/reactnativeswipeout",
				);
				IPHONEOS_DEPLOYMENT_TARGET = 7.0;
				MTL_ENABLE_DEBUG_INFO = YES;
				ONLY_ACTIVE_ARCH = YES;
				SDKROOT = iphoneos;
			};
			name = Debug;
		};
		83CBBA211A601CBA00E9B192 /* Release */ = {
			isa = XCBuildConfiguration;
			buildSettings = {
				ALWAYS_SEARCH_USER_PATHS = NO;
				CLANG_CXX_LANGUAGE_STANDARD = "gnu++0x";
				CLANG_CXX_LIBRARY = "libc++";
				CLANG_ENABLE_MODULES = YES;
				CLANG_ENABLE_OBJC_ARC = YES;
				CLANG_WARN_BOOL_CONVERSION = YES;
				CLANG_WARN_CONSTANT_CONVERSION = YES;
				CLANG_WARN_DIRECT_OBJC_ISA_USAGE = YES_ERROR;
				CLANG_WARN_EMPTY_BODY = YES;
				CLANG_WARN_ENUM_CONVERSION = YES;
				CLANG_WARN_INT_CONVERSION = YES;
				CLANG_WARN_OBJC_ROOT_CLASS = YES_ERROR;
				CLANG_WARN_UNREACHABLE_CODE = YES;
				CLANG_WARN__DUPLICATE_METHOD_MATCH = YES;
				"CODE_SIGN_IDENTITY[sdk=iphoneos*]" = "iPhone Developer";
				COPY_PHASE_STRIP = YES;
				ENABLE_NS_ASSERTIONS = NO;
				ENABLE_STRICT_OBJC_MSGSEND = YES;
				GCC_C_LANGUAGE_STANDARD = gnu99;
				GCC_WARN_64_TO_32_BIT_CONVERSION = YES;
				GCC_WARN_ABOUT_RETURN_TYPE = YES_ERROR;
				GCC_WARN_UNDECLARED_SELECTOR = YES;
				GCC_WARN_UNINITIALIZED_AUTOS = YES_AGGRESSIVE;
				GCC_WARN_UNUSED_FUNCTION = YES;
				GCC_WARN_UNUSED_VARIABLE = YES;
				HEADER_SEARCH_PATHS = (
					"$(inherited)",
					/Applications/Xcode.app/Contents/Developer/Toolchains/XcodeDefault.xctoolchain/usr/include,
					"$(SRCROOT)/../node_modules/react-native/React/**",
					"$(SRCROOT)/../node_modules/react-native-fbsdkcore/iOS",
					"$(SRCROOT)/../node_modules/react-native-fbsdkshare/iOS",
					"$(SRCROOT)/../node_modules/react-native-fbsdkcore/iOS",
					"$(SRCROOT)/../node_modules/react-native-fbsdkshare/iOS",
					"$(SRCROOT)/../node_modules/react-native-fbsdkcore/iOS",
					"$(SRCROOT)/../node_modules/react-native-fbsdkshare/iOS",
					"$(SRCROOT)/../node_modules/react-native-device-uuid",
					"$(SRCROOT)/../node_modules/react-native-swipeout/ios/reactnativeswipeout",
				);
				IPHONEOS_DEPLOYMENT_TARGET = 7.0;
				MTL_ENABLE_DEBUG_INFO = NO;
				SDKROOT = iphoneos;
				VALIDATE_PRODUCT = YES;
			};
			name = Release;
		};
/* End XCBuildConfiguration section */

/* Begin XCConfigurationList section */
		00E357021AD99517003FC87E /* Build configuration list for PBXNativeTarget "VentureAppTests" */ = {
			isa = XCConfigurationList;
			buildConfigurations = (
				00E356F61AD99517003FC87E /* Debug */,
				00E356F71AD99517003FC87E /* Release */,
			);
			defaultConfigurationIsVisible = 0;
			defaultConfigurationName = Release;
		};
		13B07F931A680F5B00A75B9A /* Build configuration list for PBXNativeTarget "VentureApp" */ = {
			isa = XCConfigurationList;
			buildConfigurations = (
				13B07F941A680F5B00A75B9A /* Debug */,
				13B07F951A680F5B00A75B9A /* Release */,
			);
			defaultConfigurationIsVisible = 0;
			defaultConfigurationName = Release;
		};
		83CBB9FA1A601CBA00E9B192 /* Build configuration list for PBXProject "VentureApp" */ = {
			isa = XCConfigurationList;
			buildConfigurations = (
				83CBBA201A601CBA00E9B192 /* Debug */,
				83CBBA211A601CBA00E9B192 /* Release */,
			);
			defaultConfigurationIsVisible = 0;
			defaultConfigurationName = Release;
		};
/* End XCConfigurationList section */
	};
	rootObject = 83CBB9F71A601CBA00E9B192 /* Project object */;
}
